github.com/shopspring/decimal v1.3.1 h1:2Usl1nmF/WZucqkFZhnfFYxxxu8LG21F6nPQBE5gKV8=
github.com/shopspring/decimal v1.3.1/go.mod h1:DKyhrW/HYNuLGql+MJL6WCR6knT2jwCFRcu2hWCYk4o=
golang.org/x/exp v0.0.0-20231005195138-3e424a577f31 h1:9k5exFQKQglLo+RoP+4zMjOFE14P6+vyR0baDAi0Rcs=
golang.org/x/exp v0.0.0-20231005195138-3e424a577f31/go.mod h1:S2oDrQGGwySpoQPVqRShND87VCbxmc6bL1Yd2oYrm6k=
